
Microsoft Visual Studio Solution File, Format Version 11.00
# Visual Studio 2010
Project("{FAE04EC0-301F-11D3-BF4B-00C04F79EFBC}") = "Assembly-CSharp", "Assembly-CSharp.csproj", "{7A8BA980-661F-84C0-EDD9-4DAA5C64CD7B}"
EndProject
Project("{FAE04EC0-301F-11D3-BF4B-00C04F79EFBC}") = "Assembly-CSharp-Editor", "Assembly-CSharp-Editor.csproj", "{3F046C56-D925-0DEE-468F-AC4343272CAA}"
EndProject
Global
	GlobalSection(SolutionConfigurationPlatforms) = preSolution
		Debug|Any CPU = Debug|Any CPU
		Release|Any CPU = Release|Any CPU
	EndGlobalSection
	GlobalSection(ProjectConfigurationPlatforms) = postSolution
		{7A8BA980-661F-84C0-EDD9-4DAA5C64CD7B}.Debug|Any CPU.ActiveCfg = Debug|Any CPU
		{7A8BA980-661F-84C0-EDD9-4DAA5C64CD7B}.Debug|Any CPU.Build.0 = Debug|Any CPU
		{7A8BA980-661F-84C0-EDD9-4DAA5C64CD7B}.Release|Any CPU.ActiveCfg = Release|Any CPU
		{7A8BA980-661F-84C0-EDD9-4DAA5C64CD7B}.Release|Any CPU.Build.0 = Release|Any CPU
		{3F046C56-D925-0DEE-468F-AC4343272CAA}.Debug|Any CPU.ActiveCfg = Debug|Any CPU
		{3F046C56-D925-0DEE-468F-AC4343272CAA}.Debug|Any CPU.Build.0 = Debug|Any CPU
		{3F046C56-D925-0DEE-468F-AC4343272CAA}.Release|Any CPU.ActiveCfg = Release|Any CPU
		{3F046C56-D925-0DEE-468F-AC4343272CAA}.Release|Any CPU.Build.0 = Release|Any CPU
	EndGlobalSection
	GlobalSection(SolutionProperties) = preSolution
		HideSolutionNode = FALSE
	EndGlobalSection
EndGlobal
